
Microsoft Visual Studio Solution File, Format Version 12.00
Project("{FAE04EC0-301F-11D3-BF4B-00C04F79EFBC}") = "TildeEngine", "TildeEngine\TildeEngine.csproj", "{A304602C-65BF-4B20-A64D-02EFAA40A613}"
EndProject
Project("{FAE04EC0-301F-11D3-BF4B-00C04F79EFBC}") = "Engine-Unit Tests", "Engine-Unit Tests\Engine-Unit Tests.csproj", "{75C0941E-F413-4A73-8B22-BBF08B287C1B}"
EndProject
Project("{FAE04EC0-301F-11D3-BF4B-00C04F79EFBC}") = "GameTests", "GameTests\GameTests.csproj", "{039D9BA8-B851-4EB5-BFB6-907205C9F39C}"
EndProject
Global
	GlobalSection(SolutionConfigurationPlatforms) = preSolution
		Debug|Any CPU = Debug|Any CPU
		Release|Any CPU = Release|Any CPU
	EndGlobalSection
	GlobalSection(ProjectConfigurationPlatforms) = postSolution
		{A304602C-65BF-4B20-A64D-02EFAA40A613}.Debug|Any CPU.ActiveCfg = Debug|Any CPU
		{A304602C-65BF-4B20-A64D-02EFAA40A613}.Debug|Any CPU.Build.0 = Debug|Any CPU
		{A304602C-65BF-4B20-A64D-02EFAA40A613}.Release|Any CPU.ActiveCfg = Release|Any CPU
		{A304602C-65BF-4B20-A64D-02EFAA40A613}.Release|Any CPU.Build.0 = Release|Any CPU
		{75C0941E-F413-4A73-8B22-BBF08B287C1B}.Debug|Any CPU.ActiveCfg = Debug|Any CPU
		{75C0941E-F413-4A73-8B22-BBF08B287C1B}.Debug|Any CPU.Build.0 = Debug|Any CPU
		{75C0941E-F413-4A73-8B22-BBF08B287C1B}.Release|Any CPU.ActiveCfg = Release|Any CPU
		{75C0941E-F413-4A73-8B22-BBF08B287C1B}.Release|Any CPU.Build.0 = Release|Any CPU
		{039D9BA8-B851-4EB5-BFB6-907205C9F39C}.Debug|Any CPU.ActiveCfg = Debug|Any CPU
		{039D9BA8-B851-4EB5-BFB6-907205C9F39C}.Debug|Any CPU.Build.0 = Debug|Any CPU
		{039D9BA8-B851-4EB5-BFB6-907205C9F39C}.Release|Any CPU.ActiveCfg = Release|Any CPU
		{039D9BA8-B851-4EB5-BFB6-907205C9F39C}.Release|Any CPU.Build.0 = Release|Any CPU
	EndGlobalSection
EndGlobal
